// !$*UTF8*$!
{
	archiveVersion = 1;
	classes = {
	};
	objectVersion = 70;
	objects = {

/* Begin PBXBuildFile section */
		843CCE1C2C64B55000DC18AB /* HomePresenterTest.swift in Sources */ = {isa = PBXBuildFile; fileRef = 843CCE1B2C64B54900DC18AB /* HomePresenterTest.swift */; };
		843E31422C63D4FD007B0157 /* HomePresenter.swift in Sources */ = {isa = PBXBuildFile; fileRef = 843E31412C63D4FA007B0157 /* HomePresenter.swift */; };
		843E31442C63D510007B0157 /* FavouritePresenter.swift in Sources */ = {isa = PBXBuildFile; fileRef = 843E31432C63D509007B0157 /* FavouritePresenter.swift */; };
		843E31462C63D518007B0157 /* DetailPresenter.swift in Sources */ = {isa = PBXBuildFile; fileRef = 843E31452C63D514007B0157 /* DetailPresenter.swift */; };
		84AD00912C5BA8F00037D9A3 /* AppDelegate.swift in Sources */ = {isa = PBXBuildFile; fileRef = 84AD008B2C5BA8F00037D9A3 /* AppDelegate.swift */; };
		84AD00922C5BA8F00037D9A3 /* SceneDelegate.swift in Sources */ = {isa = PBXBuildFile; fileRef = 84AD008E2C5BA8F00037D9A3 /* SceneDelegate.swift */; };
		84AD00942C5BA8F00037D9A3 /* Assets.xcassets in Resources */ = {isa = PBXBuildFile; fileRef = 84AD008C2C5BA8F00037D9A3 /* Assets.xcassets */; };
		84AD009E2C5BA9420037D9A3 /* Kingfisher in Frameworks */ = {isa = PBXBuildFile; productRef = 84AD009D2C5BA9420037D9A3 /* Kingfisher */; };
		84AD00A12C5BA9550037D9A3 /* SVProgressHUD in Frameworks */ = {isa = PBXBuildFile; productRef = 84AD00A02C5BA9550037D9A3 /* SVProgressHUD */; };
		84AD00A92C5BA9B00037D9A3 /* UIImageView+Extension.swift in Sources */ = {isa = PBXBuildFile; fileRef = 84AD00A82C5BA9AF0037D9A3 /* UIImageView+Extension.swift */; };
		84AD00AB2C5BA9C70037D9A3 /* Loader.swift in Sources */ = {isa = PBXBuildFile; fileRef = 84AD00AA2C5BA9BE0037D9A3 /* Loader.swift */; };
		84AD00AD2C5BA9E00037D9A3 /* Constant.swift in Sources */ = {isa = PBXBuildFile; fileRef = 84AD00AC2C5BA9DF0037D9A3 /* Constant.swift */; };
		84AD00AF2C5BA9F10037D9A3 /* BaseNavigationController.swift in Sources */ = {isa = PBXBuildFile; fileRef = 84AD00AE2C5BA9EF0037D9A3 /* BaseNavigationController.swift */; };
		84AD00B12C5BAA040037D9A3 /* NetworkProvider.swift in Sources */ = {isa = PBXBuildFile; fileRef = 84AD00B02C5BAA020037D9A3 /* NetworkProvider.swift */; };
		84AD00B32C5BAA180037D9A3 /* StorageProvider.swift in Sources */ = {isa = PBXBuildFile; fileRef = 84AD00B22C5BAA170037D9A3 /* StorageProvider.swift */; };
		84AD00B52C5BAA370037D9A3 /* FavouriteStorageService.swift in Sources */ = {isa = PBXBuildFile; fileRef = 84AD00B42C5BAA350037D9A3 /* FavouriteStorageService.swift */; };
		84AD00B72C5BAA4C0037D9A3 /* DetailStorageService.swift in Sources */ = {isa = PBXBuildFile; fileRef = 84AD00B62C5BAA4A0037D9A3 /* DetailStorageService.swift */; };
		84AD00B92C5BAA630037D9A3 /* DetailApiService.swift in Sources */ = {isa = PBXBuildFile; fileRef = 84AD00B82C5BAA610037D9A3 /* DetailApiService.swift */; };
		84AD00BB2C5BAA740037D9A3 /* HomeApiService.swift in Sources */ = {isa = PBXBuildFile; fileRef = 84AD00BA2C5BAA720037D9A3 /* HomeApiService.swift */; };
		84AD00BD2C5BAA870037D9A3 /* ModelEntityMapProtocol.swift in Sources */ = {isa = PBXBuildFile; fileRef = 84AD00BC2C5BAA860037D9A3 /* ModelEntityMapProtocol.swift */; };
		84AD00BF2C5BAA9D0037D9A3 /* SpritesModel.swift in Sources */ = {isa = PBXBuildFile; fileRef = 84AD00BE2C5BAA9B0037D9A3 /* SpritesModel.swift */; };
		84AD00C12C5BAAB90037D9A3 /* PokemonDetailModel.swift in Sources */ = {isa = PBXBuildFile; fileRef = 84AD00C02C5BAAB30037D9A3 /* PokemonDetailModel.swift */; };
		84AD00C32C5BAAD30037D9A3 /* PokemonListModel.swift in Sources */ = {isa = PBXBuildFile; fileRef = 84AD00C22C5BAAD10037D9A3 /* PokemonListModel.swift */; };
		84AD00C72C5BAB2E0037D9A3 /* HomeViewCell.swift in Sources */ = {isa = PBXBuildFile; fileRef = 84AD00C62C5BAB2D0037D9A3 /* HomeViewCell.swift */; };
		84AD00C92C5BAB430037D9A3 /* FavouriteViewCell.swift in Sources */ = {isa = PBXBuildFile; fileRef = 84AD00C82C5BAB420037D9A3 /* FavouriteViewCell.swift */; };
		84AD00CB2C5BAB760037D9A3 /* FavouriteView.swift in Sources */ = {isa = PBXBuildFile; fileRef = 84AD00CA2C5BAB750037D9A3 /* FavouriteView.swift */; };
		84AD00CD2C5BAB8D0037D9A3 /* DetailView.swift in Sources */ = {isa = PBXBuildFile; fileRef = 84AD00CC2C5BAB8B0037D9A3 /* DetailView.swift */; };
		84AD00CF2C5BABA30037D9A3 /* HomeView.swift in Sources */ = {isa = PBXBuildFile; fileRef = 84AD00CE2C5BABA20037D9A3 /* HomeView.swift */; };
		84AD00D12C5BABD50037D9A3 /* FavouriteViewController.swift in Sources */ = {isa = PBXBuildFile; fileRef = 84AD00D02C5BABD40037D9A3 /* FavouriteViewController.swift */; };
		84AD00D32C5BABEA0037D9A3 /* DetailViewController.swift in Sources */ = {isa = PBXBuildFile; fileRef = 84AD00D22C5BABE90037D9A3 /* DetailViewController.swift */; };
		84AD00D52C5BAC020037D9A3 /* HomeViewController.swift in Sources */ = {isa = PBXBuildFile; fileRef = 84AD00D42C5BAC010037D9A3 /* HomeViewController.swift */; };
		84AD00D82C5BAC450037D9A3 /* PokemonDataModel.xcdatamodeld in Sources */ = {isa = PBXBuildFile; fileRef = 84AD00D62C5BAC450037D9A3 /* PokemonDataModel.xcdatamodeld */; };
		84AD00E52C5BAEEB0037D9A3 /* StorageProvider+Extension.swift in Sources */ = {isa = PBXBuildFile; fileRef = 84AD00E42C5BAEEA0037D9A3 /* StorageProvider+Extension.swift */; };
		84AD00E72C5BAF0D0037D9A3 /* DetailApiServiceStub.swift in Sources */ = {isa = PBXBuildFile; fileRef = 84AD00E62C5BAF0C0037D9A3 /* DetailApiServiceStub.swift */; };
		84AD00E92C5BAF250037D9A3 /* HomeApiServiceStub.swift in Sources */ = {isa = PBXBuildFile; fileRef = 84AD00E82C5BAF240037D9A3 /* HomeApiServiceStub.swift */; };
		84AD00EB2C5BAF430037D9A3 /* NetworkProviderStub.swift in Sources */ = {isa = PBXBuildFile; fileRef = 84AD00EA2C5BAF420037D9A3 /* NetworkProviderStub.swift */; };
		84AD00ED2C5BAF5A0037D9A3 /* MockFavouriteStorageService.swift in Sources */ = {isa = PBXBuildFile; fileRef = 84AD00EC2C5BAF590037D9A3 /* MockFavouriteStorageService.swift */; };
		84AD00EF2C5BAF780037D9A3 /* MockDetailStorageService.swift in Sources */ = {isa = PBXBuildFile; fileRef = 84AD00EE2C5BAF760037D9A3 /* MockDetailStorageService.swift */; };
		84AD00F12C5BAFA70037D9A3 /* FavouriteStorageServiceTest.swift in Sources */ = {isa = PBXBuildFile; fileRef = 84AD00F02C5BAFA60037D9A3 /* FavouriteStorageServiceTest.swift */; };
		84AD00F32C5BAFC90037D9A3 /* DetailStorageServiceTest.swift in Sources */ = {isa = PBXBuildFile; fileRef = 84AD00F22C5BAFC80037D9A3 /* DetailStorageServiceTest.swift */; };
		84AD00F52C5BAFE60037D9A3 /* DetailApiServiceTest.swift in Sources */ = {isa = PBXBuildFile; fileRef = 84AD00F42C5BAFE50037D9A3 /* DetailApiServiceTest.swift */; };
		84AD00F72C5BAFFE0037D9A3 /* HomeApiServiceTest.swift in Sources */ = {isa = PBXBuildFile; fileRef = 84AD00F62C5BAFFD0037D9A3 /* HomeApiServiceTest.swift */; };
		84AD00F92C5BB01A0037D9A3 /* FavouriteViewTest.swift in Sources */ = {isa = PBXBuildFile; fileRef = 84AD00F82C5BB0190037D9A3 /* FavouriteViewTest.swift */; };
		84AD00FB2C5BB0340037D9A3 /* DetailViewTest.swift in Sources */ = {isa = PBXBuildFile; fileRef = 84AD00FA2C5BB0330037D9A3 /* DetailViewTest.swift */; };
		84AD00FD2C5BB04B0037D9A3 /* HomeViewTest.swift in Sources */ = {isa = PBXBuildFile; fileRef = 84AD00FC2C5BB04A0037D9A3 /* HomeViewTest.swift */; };
		84AD00FF2C5BB06E0037D9A3 /* FavouriteViewControllerTest.swift in Sources */ = {isa = PBXBuildFile; fileRef = 84AD00FE2C5BB06D0037D9A3 /* FavouriteViewControllerTest.swift */; };
		84AD01012C5BB08B0037D9A3 /* DetailViewControllerTest.swift in Sources */ = {isa = PBXBuildFile; fileRef = 84AD01002C5BB0890037D9A3 /* DetailViewControllerTest.swift */; };
		84AD01032C5BB0AD0037D9A3 /* HomeViewControllerTest.swift in Sources */ = {isa = PBXBuildFile; fileRef = 84AD01022C5BB0AC0037D9A3 /* HomeViewControllerTest.swift */; };
		84AD1EBF2C66050F00247AAF /* DetailPresenterTest.swift in Sources */ = {isa = PBXBuildFile; fileRef = 84AD1EBE2C66050C00247AAF /* DetailPresenterTest.swift */; };
		84AD1EC12C66079600247AAF /* FavouritePresenterTest.swift in Sources */ = {isa = PBXBuildFile; fileRef = 84AD1EC02C66079300247AAF /* FavouritePresenterTest.swift */; };
/* End PBXBuildFile section */

/* Begin PBXContainerItemProxy section */
		84AD006D2C5BA8190037D9A3 /* PBXContainerItemProxy */ = {
			isa = PBXContainerItemProxy;
			containerPortal = 84AD004E2C5BA8160037D9A3 /* Project object */;
			proxyType = 1;
			remoteGlobalIDString = 84AD00552C5BA8160037D9A3;
			remoteInfo = "MVP-Architecture";
		};
		84AD00772C5BA8190037D9A3 /* PBXContainerItemProxy */ = {
			isa = PBXContainerItemProxy;
			containerPortal = 84AD004E2C5BA8160037D9A3 /* Project object */;
			proxyType = 1;
			remoteGlobalIDString = 84AD00552C5BA8160037D9A3;
			remoteInfo = "MVP-Architecture";
		};
/* End PBXContainerItemProxy section */

/* Begin PBXFileReference section */
		843CCE1B2C64B54900DC18AB /* HomePresenterTest.swift */ = {isa = PBXFileReference; lastKnownFileType = sourcecode.swift; path = HomePresenterTest.swift; sourceTree = "<group>"; };
		843E31412C63D4FA007B0157 /* HomePresenter.swift */ = {isa = PBXFileReference; lastKnownFileType = sourcecode.swift; path = HomePresenter.swift; sourceTree = "<group>"; };
		843E31432C63D509007B0157 /* FavouritePresenter.swift */ = {isa = PBXFileReference; lastKnownFileType = sourcecode.swift; path = FavouritePresenter.swift; sourceTree = "<group>"; };
		843E31452C63D514007B0157 /* DetailPresenter.swift */ = {isa = PBXFileReference; lastKnownFileType = sourcecode.swift; path = DetailPresenter.swift; sourceTree = "<group>"; };
		84AD00562C5BA8160037D9A3 /* MVP-Architecture.app */ = {isa = PBXFileReference; explicitFileType = wrapper.application; includeInIndex = 0; path = "MVP-Architecture.app"; sourceTree = BUILT_PRODUCTS_DIR; };
		84AD006C2C5BA8190037D9A3 /* MVP-ArchitectureTests.xctest */ = {isa = PBXFileReference; explicitFileType = wrapper.cfbundle; includeInIndex = 0; path = "MVP-ArchitectureTests.xctest"; sourceTree = BUILT_PRODUCTS_DIR; };
		84AD00762C5BA8190037D9A3 /* MVP-ArchitectureUITests.xctest */ = {isa = PBXFileReference; explicitFileType = wrapper.cfbundle; includeInIndex = 0; path = "MVP-ArchitectureUITests.xctest"; sourceTree = BUILT_PRODUCTS_DIR; };
		84AD008B2C5BA8F00037D9A3 /* AppDelegate.swift */ = {isa = PBXFileReference; lastKnownFileType = sourcecode.swift; path = AppDelegate.swift; sourceTree = "<group>"; };
		84AD008C2C5BA8F00037D9A3 /* Assets.xcassets */ = {isa = PBXFileReference; lastKnownFileType = folder.assetcatalog; path = Assets.xcassets; sourceTree = "<group>"; };
		84AD008D2C5BA8F00037D9A3 /* Info.plist */ = {isa = PBXFileReference; lastKnownFileType = text.plist.xml; path = Info.plist; sourceTree = "<group>"; };
		84AD008E2C5BA8F00037D9A3 /* SceneDelegate.swift */ = {isa = PBXFileReference; lastKnownFileType = sourcecode.swift; path = SceneDelegate.swift; sourceTree = "<group>"; };
		84AD00A82C5BA9AF0037D9A3 /* UIImageView+Extension.swift */ = {isa = PBXFileReference; lastKnownFileType = sourcecode.swift; path = "UIImageView+Extension.swift"; sourceTree = "<group>"; };
		84AD00AA2C5BA9BE0037D9A3 /* Loader.swift */ = {isa = PBXFileReference; lastKnownFileType = sourcecode.swift; path = Loader.swift; sourceTree = "<group>"; };
		84AD00AC2C5BA9DF0037D9A3 /* Constant.swift */ = {isa = PBXFileReference; lastKnownFileType = sourcecode.swift; path = Constant.swift; sourceTree = "<group>"; };
		84AD00AE2C5BA9EF0037D9A3 /* BaseNavigationController.swift */ = {isa = PBXFileReference; lastKnownFileType = sourcecode.swift; path = BaseNavigationController.swift; sourceTree = "<group>"; };
		84AD00B02C5BAA020037D9A3 /* NetworkProvider.swift */ = {isa = PBXFileReference; lastKnownFileType = sourcecode.swift; path = NetworkProvider.swift; sourceTree = "<group>"; };
		84AD00B22C5BAA170037D9A3 /* StorageProvider.swift */ = {isa = PBXFileReference; lastKnownFileType = sourcecode.swift; path = StorageProvider.swift; sourceTree = "<group>"; };
		84AD00B42C5BAA350037D9A3 /* FavouriteStorageService.swift */ = {isa = PBXFileReference; lastKnownFileType = sourcecode.swift; path = FavouriteStorageService.swift; sourceTree = "<group>"; };
		84AD00B62C5BAA4A0037D9A3 /* DetailStorageService.swift */ = {isa = PBXFileReference; lastKnownFileType = sourcecode.swift; path = DetailStorageService.swift; sourceTree = "<group>"; };
		84AD00B82C5BAA610037D9A3 /* DetailApiService.swift */ = {isa = PBXFileReference; lastKnownFileType = sourcecode.swift; path = DetailApiService.swift; sourceTree = "<group>"; };
		84AD00BA2C5BAA720037D9A3 /* HomeApiService.swift */ = {isa = PBXFileReference; lastKnownFileType = sourcecode.swift; path = HomeApiService.swift; sourceTree = "<group>"; };
		84AD00BC2C5BAA860037D9A3 /* ModelEntityMapProtocol.swift */ = {isa = PBXFileReference; lastKnownFileType = sourcecode.swift; path = ModelEntityMapProtocol.swift; sourceTree = "<group>"; };
		84AD00BE2C5BAA9B0037D9A3 /* SpritesModel.swift */ = {isa = PBXFileReference; lastKnownFileType = sourcecode.swift; path = SpritesModel.swift; sourceTree = "<group>"; };
		84AD00C02C5BAAB30037D9A3 /* PokemonDetailModel.swift */ = {isa = PBXFileReference; lastKnownFileType = sourcecode.swift; path = PokemonDetailModel.swift; sourceTree = "<group>"; };
		84AD00C22C5BAAD10037D9A3 /* PokemonListModel.swift */ = {isa = PBXFileReference; lastKnownFileType = sourcecode.swift; path = PokemonListModel.swift; sourceTree = "<group>"; };
		84AD00C62C5BAB2D0037D9A3 /* HomeViewCell.swift */ = {isa = PBXFileReference; lastKnownFileType = sourcecode.swift; path = HomeViewCell.swift; sourceTree = "<group>"; };
		84AD00C82C5BAB420037D9A3 /* FavouriteViewCell.swift */ = {isa = PBXFileReference; lastKnownFileType = sourcecode.swift; path = FavouriteViewCell.swift; sourceTree = "<group>"; };
		84AD00CA2C5BAB750037D9A3 /* FavouriteView.swift */ = {isa = PBXFileReference; lastKnownFileType = sourcecode.swift; path = FavouriteView.swift; sourceTree = "<group>"; };
		84AD00CC2C5BAB8B0037D9A3 /* DetailView.swift */ = {isa = PBXFileReference; lastKnownFileType = sourcecode.swift; path = DetailView.swift; sourceTree = "<group>"; };
		84AD00CE2C5BABA20037D9A3 /* HomeView.swift */ = {isa = PBXFileReference; lastKnownFileType = sourcecode.swift; path = HomeView.swift; sourceTree = "<group>"; };
		84AD00D02C5BABD40037D9A3 /* FavouriteViewController.swift */ = {isa = PBXFileReference; lastKnownFileType = sourcecode.swift; path = FavouriteViewController.swift; sourceTree = "<group>"; };
		84AD00D22C5BABE90037D9A3 /* DetailViewController.swift */ = {isa = PBXFileReference; lastKnownFileType = sourcecode.swift; path = DetailViewController.swift; sourceTree = "<group>"; };
		84AD00D42C5BAC010037D9A3 /* HomeViewController.swift */ = {isa = PBXFileReference; lastKnownFileType = sourcecode.swift; path = HomeViewController.swift; sourceTree = "<group>"; };
		84AD00D72C5BAC450037D9A3 /* PokemonDataModel.xcdatamodel */ = {isa = PBXFileReference; lastKnownFileType = wrapper.xcdatamodel; path = PokemonDataModel.xcdatamodel; sourceTree = "<group>"; };
		84AD00E42C5BAEEA0037D9A3 /* StorageProvider+Extension.swift */ = {isa = PBXFileReference; lastKnownFileType = sourcecode.swift; path = "StorageProvider+Extension.swift"; sourceTree = "<group>"; };
		84AD00E62C5BAF0C0037D9A3 /* DetailApiServiceStub.swift */ = {isa = PBXFileReference; lastKnownFileType = sourcecode.swift; path = DetailApiServiceStub.swift; sourceTree = "<group>"; };
		84AD00E82C5BAF240037D9A3 /* HomeApiServiceStub.swift */ = {isa = PBXFileReference; lastKnownFileType = sourcecode.swift; path = HomeApiServiceStub.swift; sourceTree = "<group>"; };
		84AD00EA2C5BAF420037D9A3 /* NetworkProviderStub.swift */ = {isa = PBXFileReference; lastKnownFileType = sourcecode.swift; path = NetworkProviderStub.swift; sourceTree = "<group>"; };
		84AD00EC2C5BAF590037D9A3 /* MockFavouriteStorageService.swift */ = {isa = PBXFileReference; lastKnownFileType = sourcecode.swift; path = MockFavouriteStorageService.swift; sourceTree = "<group>"; };
		84AD00EE2C5BAF760037D9A3 /* MockDetailStorageService.swift */ = {isa = PBXFileReference; lastKnownFileType = sourcecode.swift; path = MockDetailStorageService.swift; sourceTree = "<group>"; };
		84AD00F02C5BAFA60037D9A3 /* FavouriteStorageServiceTest.swift */ = {isa = PBXFileReference; lastKnownFileType = sourcecode.swift; path = FavouriteStorageServiceTest.swift; sourceTree = "<group>"; };
		84AD00F22C5BAFC80037D9A3 /* DetailStorageServiceTest.swift */ = {isa = PBXFileReference; lastKnownFileType = sourcecode.swift; path = DetailStorageServiceTest.swift; sourceTree = "<group>"; };
		84AD00F42C5BAFE50037D9A3 /* DetailApiServiceTest.swift */ = {isa = PBXFileReference; lastKnownFileType = sourcecode.swift; path = DetailApiServiceTest.swift; sourceTree = "<group>"; };
		84AD00F62C5BAFFD0037D9A3 /* HomeApiServiceTest.swift */ = {isa = PBXFileReference; lastKnownFileType = sourcecode.swift; path = HomeApiServiceTest.swift; sourceTree = "<group>"; };
		84AD00F82C5BB0190037D9A3 /* FavouriteViewTest.swift */ = {isa = PBXFileReference; lastKnownFileType = sourcecode.swift; path = FavouriteViewTest.swift; sourceTree = "<group>"; };
		84AD00FA2C5BB0330037D9A3 /* DetailViewTest.swift */ = {isa = PBXFileReference; lastKnownFileType = sourcecode.swift; path = DetailViewTest.swift; sourceTree = "<group>"; };
		84AD00FC2C5BB04A0037D9A3 /* HomeViewTest.swift */ = {isa = PBXFileReference; lastKnownFileType = sourcecode.swift; path = HomeViewTest.swift; sourceTree = "<group>"; };
		84AD00FE2C5BB06D0037D9A3 /* FavouriteViewControllerTest.swift */ = {isa = PBXFileReference; lastKnownFileType = sourcecode.swift; path = FavouriteViewControllerTest.swift; sourceTree = "<group>"; };
		84AD01002C5BB0890037D9A3 /* DetailViewControllerTest.swift */ = {isa = PBXFileReference; lastKnownFileType = sourcecode.swift; path = DetailViewControllerTest.swift; sourceTree = "<group>"; };
		84AD01022C5BB0AC0037D9A3 /* HomeViewControllerTest.swift */ = {isa = PBXFileReference; lastKnownFileType = sourcecode.swift; path = HomeViewControllerTest.swift; sourceTree = "<group>"; };
		84AD1EBE2C66050C00247AAF /* DetailPresenterTest.swift */ = {isa = PBXFileReference; lastKnownFileType = sourcecode.swift; path = DetailPresenterTest.swift; sourceTree = "<group>"; };
		84AD1EC02C66079300247AAF /* FavouritePresenterTest.swift */ = {isa = PBXFileReference; lastKnownFileType = sourcecode.swift; path = FavouritePresenterTest.swift; sourceTree = "<group>"; };
/* End PBXFileReference section */

/* Begin PBXFileSystemSynchronizedRootGroup section */
		84AD00792C5BA8190037D9A3 /* MVP-ArchitectureUITests */ = {isa = PBXFileSystemSynchronizedRootGroup; explicitFileTypes = {}; explicitFolders = (); path = "MVP-ArchitectureUITests"; sourceTree = "<group>"; };
/* End PBXFileSystemSynchronizedRootGroup section */

/* Begin PBXFrameworksBuildPhase section */
		84AD00532C5BA8160037D9A3 /* Frameworks */ = {
			isa = PBXFrameworksBuildPhase;
			buildActionMask = 2147483647;
			files = (
				84AD00A12C5BA9550037D9A3 /* SVProgressHUD in Frameworks */,
				84AD009E2C5BA9420037D9A3 /* Kingfisher in Frameworks */,
			);
			runOnlyForDeploymentPostprocessing = 0;
		};
		84AD00692C5BA8190037D9A3 /* Frameworks */ = {
			isa = PBXFrameworksBuildPhase;
			buildActionMask = 2147483647;
			files = (
			);
			runOnlyForDeploymentPostprocessing = 0;
		};
		84AD00732C5BA8190037D9A3 /* Frameworks */ = {
			isa = PBXFrameworksBuildPhase;
			buildActionMask = 2147483647;
			files = (
			);
			runOnlyForDeploymentPostprocessing = 0;
		};
/* End PBXFrameworksBuildPhase section */

/* Begin PBXGroup section */
		843CCE1A2C64B52300DC18AB /* PresenterTest */ = {
			isa = PBXGroup;
			children = (
				843CCE1B2C64B54900DC18AB /* HomePresenterTest.swift */,
				84AD1EBE2C66050C00247AAF /* DetailPresenterTest.swift */,
				84AD1EC02C66079300247AAF /* FavouritePresenterTest.swift */,
			);
			path = PresenterTest;
			sourceTree = "<group>";
		};
		84AD004D2C5BA8160037D9A3 = {
			isa = PBXGroup;
			children = (
				84AD00902C5BA8F00037D9A3 /* MVP-Architecture */,
				84AD00DC2C5BAE960037D9A3 /* MVP-ArchitectureTests */,
				84AD00792C5BA8190037D9A3 /* MVP-ArchitectureUITests */,
				84AD00572C5BA8160037D9A3 /* Products */,
			);
			sourceTree = "<group>";
		};
		84AD00572C5BA8160037D9A3 /* Products */ = {
			isa = PBXGroup;
			children = (
				84AD00562C5BA8160037D9A3 /* MVP-Architecture.app */,
				84AD006C2C5BA8190037D9A3 /* MVP-ArchitectureTests.xctest */,
				84AD00762C5BA8190037D9A3 /* MVP-ArchitectureUITests.xctest */,
			);
			name = Products;
			sourceTree = "<group>";
		};
		84AD00902C5BA8F00037D9A3 /* MVP-Architecture */ = {
			isa = PBXGroup;
			children = (
				84AD009B2C5BA90A0037D9A3 /* App */,
				84AD009A2C5BA9050037D9A3 /* Model */,
				84AD00982C5BA8FE0037D9A3 /* View */,
				84AD00972C5BA8FB0037D9A3 /* Presenter */,
				84AD008C2C5BA8F00037D9A3 /* Assets.xcassets */,
				84AD008D2C5BA8F00037D9A3 /* Info.plist */,
				84AD00D62C5BAC450037D9A3 /* PokemonDataModel.xcdatamodeld */,
			);
			path = "MVP-Architecture";
			sourceTree = "<group>";
		};
		84AD00972C5BA8FB0037D9A3 /* Presenter */ = {
			isa = PBXGroup;
			children = (
				843E31412C63D4FA007B0157 /* HomePresenter.swift */,
				843E31452C63D514007B0157 /* DetailPresenter.swift */,
				843E31432C63D509007B0157 /* FavouritePresenter.swift */,
			);
			path = Presenter;
			sourceTree = "<group>";
		};
		84AD00982C5BA8FE0037D9A3 /* View */ = {
			isa = PBXGroup;
			children = (
				84AD00C52C5BAB200037D9A3 /* Screens */,
				84AD00C42C5BAB160037D9A3 /* Cells */,
			);
			path = View;
			sourceTree = "<group>";
		};
		84AD009A2C5BA9050037D9A3 /* Model */ = {
			isa = PBXGroup;
			children = (
				84AD00A72C5BA96C0037D9A3 /* Models */,
				84AD00A62C5BA9690037D9A3 /* Services */,
				84AD00A52C5BA9670037D9A3 /* StorageProvider */,
				84AD00A42C5BA9640037D9A3 /* NetworkProvider */,
				84AD00A32C5BA9610037D9A3 /* Helpers */,
				84AD00A22C5BA95F0037D9A3 /* Extensions */,
			);
			path = Model;
			sourceTree = "<group>";
		};
		84AD009B2C5BA90A0037D9A3 /* App */ = {
			isa = PBXGroup;
			children = (
				84AD008B2C5BA8F00037D9A3 /* AppDelegate.swift */,
				84AD008E2C5BA8F00037D9A3 /* SceneDelegate.swift */,
			);
			path = App;
			sourceTree = "<group>";
		};
		84AD00A22C5BA95F0037D9A3 /* Extensions */ = {
			isa = PBXGroup;
			children = (
				84AD00A82C5BA9AF0037D9A3 /* UIImageView+Extension.swift */,
			);
			path = Extensions;
			sourceTree = "<group>";
		};
		84AD00A32C5BA9610037D9A3 /* Helpers */ = {
			isa = PBXGroup;
			children = (
				84AD00AE2C5BA9EF0037D9A3 /* BaseNavigationController.swift */,
				84AD00AA2C5BA9BE0037D9A3 /* Loader.swift */,
				84AD00AC2C5BA9DF0037D9A3 /* Constant.swift */,
			);
			path = Helpers;
			sourceTree = "<group>";
		};
		84AD00A42C5BA9640037D9A3 /* NetworkProvider */ = {
			isa = PBXGroup;
			children = (
				84AD00B02C5BAA020037D9A3 /* NetworkProvider.swift */,
			);
			path = NetworkProvider;
			sourceTree = "<group>";
		};
		84AD00A52C5BA9670037D9A3 /* StorageProvider */ = {
			isa = PBXGroup;
			children = (
				84AD00B22C5BAA170037D9A3 /* StorageProvider.swift */,
			);
			path = StorageProvider;
			sourceTree = "<group>";
		};
		84AD00A62C5BA9690037D9A3 /* Services */ = {
			isa = PBXGroup;
			children = (
				84AD00BA2C5BAA720037D9A3 /* HomeApiService.swift */,
				84AD00B82C5BAA610037D9A3 /* DetailApiService.swift */,
				84AD00B62C5BAA4A0037D9A3 /* DetailStorageService.swift */,
				84AD00B42C5BAA350037D9A3 /* FavouriteStorageService.swift */,
			);
			path = Services;
			sourceTree = "<group>";
		};
		84AD00A72C5BA96C0037D9A3 /* Models */ = {
			isa = PBXGroup;
			children = (
				84AD00C22C5BAAD10037D9A3 /* PokemonListModel.swift */,
				84AD00C02C5BAAB30037D9A3 /* PokemonDetailModel.swift */,
				84AD00BE2C5BAA9B0037D9A3 /* SpritesModel.swift */,
				84AD00BC2C5BAA860037D9A3 /* ModelEntityMapProtocol.swift */,
			);
			path = Models;
			sourceTree = "<group>";
		};
		84AD00C42C5BAB160037D9A3 /* Cells */ = {
			isa = PBXGroup;
			children = (
				84AD00C62C5BAB2D0037D9A3 /* HomeViewCell.swift */,
				84AD00C82C5BAB420037D9A3 /* FavouriteViewCell.swift */,
			);
			path = Cells;
			sourceTree = "<group>";
		};
		84AD00C52C5BAB200037D9A3 /* Screens */ = {
			isa = PBXGroup;
			children = (
				84AD00CE2C5BABA20037D9A3 /* HomeView.swift */,
				84AD00D42C5BAC010037D9A3 /* HomeViewController.swift */,
				84AD00CC2C5BAB8B0037D9A3 /* DetailView.swift */,
				84AD00D22C5BABE90037D9A3 /* DetailViewController.swift */,
				84AD00CA2C5BAB750037D9A3 /* FavouriteView.swift */,
				84AD00D02C5BABD40037D9A3 /* FavouriteViewController.swift */,
			);
			path = Screens;
			sourceTree = "<group>";
		};
		84AD00DC2C5BAE960037D9A3 /* MVP-ArchitectureTests */ = {
			isa = PBXGroup;
			children = (
				84AD00E32C5BAEAE0037D9A3 /* Helpers */,
				84AD00E22C5BAEAB0037D9A3 /* Stubs */,
				84AD00E12C5BAEA60037D9A3 /* Mocks */,
				84AD00E02C5BAEA20037D9A3 /* ModelTest */,
				84AD00DF2C5BAE9F0037D9A3 /* ViewTest */,
				84AD00DE2C5BAE9B0037D9A3 /* ControllerTest */,
				843CCE1A2C64B52300DC18AB /* PresenterTest */,
			);
			path = "MVP-ArchitectureTests";
			sourceTree = "<group>";
		};
		84AD00DE2C5BAE9B0037D9A3 /* ControllerTest */ = {
			isa = PBXGroup;
			children = (
				84AD01022C5BB0AC0037D9A3 /* HomeViewControllerTest.swift */,
				84AD01002C5BB0890037D9A3 /* DetailViewControllerTest.swift */,
				84AD00FE2C5BB06D0037D9A3 /* FavouriteViewControllerTest.swift */,
			);
			path = ControllerTest;
			sourceTree = "<group>";
		};
		84AD00DF2C5BAE9F0037D9A3 /* ViewTest */ = {
			isa = PBXGroup;
			children = (
				84AD00FC2C5BB04A0037D9A3 /* HomeViewTest.swift */,
				84AD00FA2C5BB0330037D9A3 /* DetailViewTest.swift */,
				84AD00F82C5BB0190037D9A3 /* FavouriteViewTest.swift */,
			);
			path = ViewTest;
			sourceTree = "<group>";
		};
		84AD00E02C5BAEA20037D9A3 /* ModelTest */ = {
			isa = PBXGroup;
			children = (
				84AD00F62C5BAFFD0037D9A3 /* HomeApiServiceTest.swift */,
				84AD00F42C5BAFE50037D9A3 /* DetailApiServiceTest.swift */,
				84AD00F22C5BAFC80037D9A3 /* DetailStorageServiceTest.swift */,
				84AD00F02C5BAFA60037D9A3 /* FavouriteStorageServiceTest.swift */,
			);
			path = ModelTest;
			sourceTree = "<group>";
		};
		84AD00E12C5BAEA60037D9A3 /* Mocks */ = {
			isa = PBXGroup;
			children = (
				84AD00EE2C5BAF760037D9A3 /* MockDetailStorageService.swift */,
				84AD00EC2C5BAF590037D9A3 /* MockFavouriteStorageService.swift */,
			);
			path = Mocks;
			sourceTree = "<group>";
		};
		84AD00E22C5BAEAB0037D9A3 /* Stubs */ = {
			isa = PBXGroup;
			children = (
				84AD00EA2C5BAF420037D9A3 /* NetworkProviderStub.swift */,
				84AD00E82C5BAF240037D9A3 /* HomeApiServiceStub.swift */,
				84AD00E62C5BAF0C0037D9A3 /* DetailApiServiceStub.swift */,
			);
			path = Stubs;
			sourceTree = "<group>";
		};
		84AD00E32C5BAEAE0037D9A3 /* Helpers */ = {
			isa = PBXGroup;
			children = (
				84AD00E42C5BAEEA0037D9A3 /* StorageProvider+Extension.swift */,
			);
			path = Helpers;
			sourceTree = "<group>";
		};
/* End PBXGroup section */

/* Begin PBXNativeTarget section */
		84AD00552C5BA8160037D9A3 /* MVP-Architecture */ = {
			isa = PBXNativeTarget;
			buildConfigurationList = 84AD007F2C5BA8190037D9A3 /* Build configuration list for PBXNativeTarget "MVP-Architecture" */;
			buildPhases = (
				84AD00522C5BA8160037D9A3 /* Sources */,
				84AD00532C5BA8160037D9A3 /* Frameworks */,
				84AD00542C5BA8160037D9A3 /* Resources */,
			);
			buildRules = (
			);
			dependencies = (
			);
			name = "MVP-Architecture";
			packageProductDependencies = (
				84AD009D2C5BA9420037D9A3 /* Kingfisher */,
				84AD00A02C5BA9550037D9A3 /* SVProgressHUD */,
			);
			productName = "MVP-Architecture";
			productReference = 84AD00562C5BA8160037D9A3 /* MVP-Architecture.app */;
			productType = "com.apple.product-type.application";
		};
		84AD006B2C5BA8190037D9A3 /* MVP-ArchitectureTests */ = {
			isa = PBXNativeTarget;
			buildConfigurationList = 84AD00852C5BA8190037D9A3 /* Build configuration list for PBXNativeTarget "MVP-ArchitectureTests" */;
			buildPhases = (
				84AD00682C5BA8190037D9A3 /* Sources */,
				84AD00692C5BA8190037D9A3 /* Frameworks */,
				84AD006A2C5BA8190037D9A3 /* Resources */,
			);
			buildRules = (
			);
			dependencies = (
				84AD006E2C5BA8190037D9A3 /* PBXTargetDependency */,
			);
			name = "MVP-ArchitectureTests";
			packageProductDependencies = (
			);
			productName = "MVP-ArchitectureTests";
			productReference = 84AD006C2C5BA8190037D9A3 /* MVP-ArchitectureTests.xctest */;
			productType = "com.apple.product-type.bundle.unit-test";
		};
		84AD00752C5BA8190037D9A3 /* MVP-ArchitectureUITests */ = {
			isa = PBXNativeTarget;
			buildConfigurationList = 84AD00882C5BA8190037D9A3 /* Build configuration list for PBXNativeTarget "MVP-ArchitectureUITests" */;
			buildPhases = (
				84AD00722C5BA8190037D9A3 /* Sources */,
				84AD00732C5BA8190037D9A3 /* Frameworks */,
				84AD00742C5BA8190037D9A3 /* Resources */,
			);
			buildRules = (
			);
			dependencies = (
				84AD00782C5BA8190037D9A3 /* PBXTargetDependency */,
			);
			fileSystemSynchronizedGroups = (
				84AD00792C5BA8190037D9A3 /* MVP-ArchitectureUITests */,
			);
			name = "MVP-ArchitectureUITests";
			packageProductDependencies = (
			);
			productName = "MVP-ArchitectureUITests";
			productReference = 84AD00762C5BA8190037D9A3 /* MVP-ArchitectureUITests.xctest */;
			productType = "com.apple.product-type.bundle.ui-testing";
		};
/* End PBXNativeTarget section */

/* Begin PBXProject section */
		84AD004E2C5BA8160037D9A3 /* Project object */ = {
			isa = PBXProject;
			attributes = {
				BuildIndependentTargetsInParallel = 1;
				LastSwiftUpdateCheck = 1600;
				LastUpgradeCheck = 1600;
				TargetAttributes = {
					84AD00552C5BA8160037D9A3 = {
						CreatedOnToolsVersion = 16.0;
					};
					84AD006B2C5BA8190037D9A3 = {
						CreatedOnToolsVersion = 16.0;
						TestTargetID = 84AD00552C5BA8160037D9A3;
					};
					84AD00752C5BA8190037D9A3 = {
						CreatedOnToolsVersion = 16.0;
						TestTargetID = 84AD00552C5BA8160037D9A3;
					};
				};
			};
			buildConfigurationList = 84AD00512C5BA8160037D9A3 /* Build configuration list for PBXProject "MVP-Architecture" */;
			compatibilityVersion = "Xcode 15.0";
			developmentRegion = en;
			hasScannedForEncodings = 0;
			knownRegions = (
				en,
				Base,
			);
			mainGroup = 84AD004D2C5BA8160037D9A3;
			packageReferences = (
				84AD009C2C5BA9420037D9A3 /* XCRemoteSwiftPackageReference "Kingfisher" */,
				84AD009F2C5BA9550037D9A3 /* XCRemoteSwiftPackageReference "SVProgressHUD" */,
			);
			productRefGroup = 84AD00572C5BA8160037D9A3 /* Products */;
			projectDirPath = "";
			projectRoot = "";
			targets = (
				84AD00552C5BA8160037D9A3 /* MVP-Architecture */,
				84AD006B2C5BA8190037D9A3 /* MVP-ArchitectureTests */,
				84AD00752C5BA8190037D9A3 /* MVP-ArchitectureUITests */,
			);
		};
/* End PBXProject section */

/* Begin PBXResourcesBuildPhase section */
		84AD00542C5BA8160037D9A3 /* Resources */ = {
			isa = PBXResourcesBuildPhase;
			buildActionMask = 2147483647;
			files = (
				84AD00942C5BA8F00037D9A3 /* Assets.xcassets in Resources */,
			);
			runOnlyForDeploymentPostprocessing = 0;
		};
		84AD006A2C5BA8190037D9A3 /* Resources */ = {
			isa = PBXResourcesBuildPhase;
			buildActionMask = 2147483647;
			files = (
			);
			runOnlyForDeploymentPostprocessing = 0;
		};
		84AD00742C5BA8190037D9A3 /* Resources */ = {
			isa = PBXResourcesBuildPhase;
			buildActionMask = 2147483647;
			files = (
			);
			runOnlyForDeploymentPostprocessing = 0;
		};
/* End PBXResourcesBuildPhase section */

/* Begin PBXSourcesBuildPhase section */
		84AD00522C5BA8160037D9A3 /* Sources */ = {
			isa = PBXSourcesBuildPhase;
			buildActionMask = 2147483647;
			files = (
				84AD00D52C5BAC020037D9A3 /* HomeViewController.swift in Sources */,
				84AD00C12C5BAAB90037D9A3 /* PokemonDetailModel.swift in Sources */,
				84AD00B72C5BAA4C0037D9A3 /* DetailStorageService.swift in Sources */,
				84AD00CB2C5BAB760037D9A3 /* FavouriteView.swift in Sources */,
				84AD00912C5BA8F00037D9A3 /* AppDelegate.swift in Sources */,
				84AD00D82C5BAC450037D9A3 /* PokemonDataModel.xcdatamodeld in Sources */,
				84AD00C32C5BAAD30037D9A3 /* PokemonListModel.swift in Sources */,
				84AD00CF2C5BABA30037D9A3 /* HomeView.swift in Sources */,
				84AD00BB2C5BAA740037D9A3 /* HomeApiService.swift in Sources */,
				843E31422C63D4FD007B0157 /* HomePresenter.swift in Sources */,
				84AD00BF2C5BAA9D0037D9A3 /* SpritesModel.swift in Sources */,
				84AD00AF2C5BA9F10037D9A3 /* BaseNavigationController.swift in Sources */,
				84AD00922C5BA8F00037D9A3 /* SceneDelegate.swift in Sources */,
				84AD00A92C5BA9B00037D9A3 /* UIImageView+Extension.swift in Sources */,
				84AD00D12C5BABD50037D9A3 /* FavouriteViewController.swift in Sources */,
				84AD00CD2C5BAB8D0037D9A3 /* DetailView.swift in Sources */,
				84AD00B32C5BAA180037D9A3 /* StorageProvider.swift in Sources */,
				84AD00AB2C5BA9C70037D9A3 /* Loader.swift in Sources */,
				84AD00D32C5BABEA0037D9A3 /* DetailViewController.swift in Sources */,
				843E31462C63D518007B0157 /* DetailPresenter.swift in Sources */,
				84AD00B92C5BAA630037D9A3 /* DetailApiService.swift in Sources */,
				84AD00C92C5BAB430037D9A3 /* FavouriteViewCell.swift in Sources */,
				84AD00BD2C5BAA870037D9A3 /* ModelEntityMapProtocol.swift in Sources */,
				84AD00B12C5BAA040037D9A3 /* NetworkProvider.swift in Sources */,
				84AD00AD2C5BA9E00037D9A3 /* Constant.swift in Sources */,
				84AD00B52C5BAA370037D9A3 /* FavouriteStorageService.swift in Sources */,
				843E31442C63D510007B0157 /* FavouritePresenter.swift in Sources */,
				84AD00C72C5BAB2E0037D9A3 /* HomeViewCell.swift in Sources */,
			);
			runOnlyForDeploymentPostprocessing = 0;
		};
		84AD00682C5BA8190037D9A3 /* Sources */ = {
			isa = PBXSourcesBuildPhase;
			buildActionMask = 2147483647;
			files = (
				84AD00E52C5BAEEB0037D9A3 /* StorageProvider+Extension.swift in Sources */,
				84AD00FB2C5BB0340037D9A3 /* DetailViewTest.swift in Sources */,
				84AD00E92C5BAF250037D9A3 /* HomeApiServiceStub.swift in Sources */,
				84AD00FD2C5BB04B0037D9A3 /* HomeViewTest.swift in Sources */,
				84AD01032C5BB0AD0037D9A3 /* HomeViewControllerTest.swift in Sources */,
				84AD1EC12C66079600247AAF /* FavouritePresenterTest.swift in Sources */,
				84AD00EF2C5BAF780037D9A3 /* MockDetailStorageService.swift in Sources */,
				84AD00FF2C5BB06E0037D9A3 /* FavouriteViewControllerTest.swift in Sources */,
				843CCE1C2C64B55000DC18AB /* HomePresenterTest.swift in Sources */,
				84AD00F52C5BAFE60037D9A3 /* DetailApiServiceTest.swift in Sources */,
				84AD00F72C5BAFFE0037D9A3 /* HomeApiServiceTest.swift in Sources */,
				84AD00ED2C5BAF5A0037D9A3 /* MockFavouriteStorageService.swift in Sources */,
				84AD1EBF2C66050F00247AAF /* DetailPresenterTest.swift in Sources */,
				84AD00F12C5BAFA70037D9A3 /* FavouriteStorageServiceTest.swift in Sources */,
				84AD01012C5BB08B0037D9A3 /* DetailViewControllerTest.swift in Sources */,
				84AD00EB2C5BAF430037D9A3 /* NetworkProviderStub.swift in Sources */,
				84AD00E72C5BAF0D0037D9A3 /* DetailApiServiceStub.swift in Sources */,
				84AD00F92C5BB01A0037D9A3 /* FavouriteViewTest.swift in Sources */,
				84AD00F32C5BAFC90037D9A3 /* DetailStorageServiceTest.swift in Sources */,
			);
			runOnlyForDeploymentPostprocessing = 0;
		};
		84AD00722C5BA8190037D9A3 /* Sources */ = {
			isa = PBXSourcesBuildPhase;
			buildActionMask = 2147483647;
			files = (
			);
			runOnlyForDeploymentPostprocessing = 0;
		};
/* End PBXSourcesBuildPhase section */

/* Begin PBXTargetDependency section */
		84AD006E2C5BA8190037D9A3 /* PBXTargetDependency */ = {
			isa = PBXTargetDependency;
			target = 84AD00552C5BA8160037D9A3 /* MVP-Architecture */;
			targetProxy = 84AD006D2C5BA8190037D9A3 /* PBXContainerItemProxy */;
		};
		84AD00782C5BA8190037D9A3 /* PBXTargetDependency */ = {
			isa = PBXTargetDependency;
			target = 84AD00552C5BA8160037D9A3 /* MVP-Architecture */;
			targetProxy = 84AD00772C5BA8190037D9A3 /* PBXContainerItemProxy */;
		};
/* End PBXTargetDependency section */

/* Begin XCBuildConfiguration section */
		84AD00802C5BA8190037D9A3 /* Debug */ = {
			isa = XCBuildConfiguration;
			buildSettings = {
				ASSETCATALOG_COMPILER_APPICON_NAME = AppIcon;
				ASSETCATALOG_COMPILER_GLOBAL_ACCENT_COLOR_NAME = AccentColor;
				CODE_SIGN_STYLE = Automatic;
				CURRENT_PROJECT_VERSION = 1;
				GENERATE_INFOPLIST_FILE = YES;
				INFOPLIST_FILE = "MVP-Architecture/Info.plist";
				INFOPLIST_KEY_UIApplicationSupportsIndirectInputEvents = YES;
				INFOPLIST_KEY_UILaunchStoryboardName = LaunchScreen;
				INFOPLIST_KEY_UISupportedInterfaceOrientations_iPad = "UIInterfaceOrientationPortrait UIInterfaceOrientationPortraitUpsideDown UIInterfaceOrientationLandscapeLeft UIInterfaceOrientationLandscapeRight";
				INFOPLIST_KEY_UISupportedInterfaceOrientations_iPhone = "UIInterfaceOrientationPortrait UIInterfaceOrientationLandscapeLeft UIInterfaceOrientationLandscapeRight";
				IPHONEOS_DEPLOYMENT_TARGET = 18.0;
				LD_RUNPATH_SEARCH_PATHS = (
					"$(inherited)",
					"@executable_path/Frameworks",
				);
				MARKETING_VERSION = 1.0;
				PRODUCT_BUNDLE_IDENTIFIER = "russell.co.MVP-Architecture";
				PRODUCT_NAME = "$(TARGET_NAME)";
				SWIFT_EMIT_LOC_STRINGS = YES;
				SWIFT_VERSION = 5.0;
				TARGETED_DEVICE_FAMILY = "1,2";
			};
			name = Debug;
		};
		84AD00812C5BA8190037D9A3 /* Release */ = {
			isa = XCBuildConfiguration;
			buildSettings = {
				ASSETCATALOG_COMPILER_APPICON_NAME = AppIcon;
				ASSETCATALOG_COMPILER_GLOBAL_ACCENT_COLOR_NAME = AccentColor;
				CODE_SIGN_STYLE = Automatic;
				CURRENT_PROJECT_VERSION = 1;
				GENERATE_INFOPLIST_FILE = YES;
				INFOPLIST_FILE = "MVP-Architecture/Info.plist";
				INFOPLIST_KEY_UIApplicationSupportsIndirectInputEvents = YES;
				INFOPLIST_KEY_UILaunchStoryboardName = LaunchScreen;
				INFOPLIST_KEY_UISupportedInterfaceOrientations_iPad = "UIInterfaceOrientationPortrait UIInterfaceOrientationPortraitUpsideDown UIInterfaceOrientationLandscapeLeft UIInterfaceOrientationLandscapeRight";
				INFOPLIST_KEY_UISupportedInterfaceOrientations_iPhone = "UIInterfaceOrientationPortrait UIInterfaceOrientationLandscapeLeft UIInterfaceOrientationLandscapeRight";
				IPHONEOS_DEPLOYMENT_TARGET = 18.0;
				LD_RUNPATH_SEARCH_PATHS = (
					"$(inherited)",
					"@executable_path/Frameworks",
				);
				MARKETING_VERSION = 1.0;
				PRODUCT_BUNDLE_IDENTIFIER = "russell.co.MVP-Architecture";
				PRODUCT_NAME = "$(TARGET_NAME)";
				SWIFT_EMIT_LOC_STRINGS = YES;
				SWIFT_VERSION = 5.0;
				TARGETED_DEVICE_FAMILY = "1,2";
			};
			name = Release;
		};
		84AD00832C5BA8190037D9A3 /* Debug */ = {
			isa = XCBuildConfiguration;
			buildSettings = {
				ALWAYS_SEARCH_USER_PATHS = NO;
				ASSETCATALOG_COMPILER_GENERATE_SWIFT_ASSET_SYMBOL_EXTENSIONS = YES;
				CLANG_ANALYZER_NONNULL = YES;
				CLANG_ANALYZER_NUMBER_OBJECT_CONVERSION = YES_AGGRESSIVE;
				CLANG_CXX_LANGUAGE_STANDARD = "gnu++20";
				CLANG_ENABLE_MODULES = YES;
				CLANG_ENABLE_OBJC_ARC = YES;
				CLANG_ENABLE_OBJC_WEAK = YES;
				CLANG_WARN_BLOCK_CAPTURE_AUTORELEASING = YES;
				CLANG_WARN_BOOL_CONVERSION = YES;
				CLANG_WARN_COMMA = YES;
				CLANG_WARN_CONSTANT_CONVERSION = YES;
				CLANG_WARN_DEPRECATED_OBJC_IMPLEMENTATIONS = YES;
				CLANG_WARN_DIRECT_OBJC_ISA_USAGE = YES_ERROR;
				CLANG_WARN_DOCUMENTATION_COMMENTS = YES;
				CLANG_WARN_EMPTY_BODY = YES;
				CLANG_WARN_ENUM_CONVERSION = YES;
				CLANG_WARN_INFINITE_RECURSION = YES;
				CLANG_WARN_INT_CONVERSION = YES;
				CLANG_WARN_NON_LITERAL_NULL_CONVERSION = YES;
				CLANG_WARN_OBJC_IMPLICIT_RETAIN_SELF = YES;
				CLANG_WARN_OBJC_LITERAL_CONVERSION = YES;
				CLANG_WARN_OBJC_ROOT_CLASS = YES_ERROR;
				CLANG_WARN_QUOTED_INCLUDE_IN_FRAMEWORK_HEADER = YES;
				CLANG_WARN_RANGE_LOOP_ANALYSIS = YES;
				CLANG_WARN_STRICT_PROTOTYPES = YES;
				CLANG_WARN_SUSPICIOUS_MOVE = YES;
				CLANG_WARN_UNGUARDED_AVAILABILITY = YES_AGGRESSIVE;
				CLANG_WARN_UNREACHABLE_CODE = YES;
				CLANG_WARN__DUPLICATE_METHOD_MATCH = YES;
				COPY_PHASE_STRIP = NO;
				DEBUG_INFORMATION_FORMAT = dwarf;
				ENABLE_STRICT_OBJC_MSGSEND = YES;
				ENABLE_TESTABILITY = YES;
				ENABLE_USER_SCRIPT_SANDBOXING = YES;
				GCC_C_LANGUAGE_STANDARD = gnu17;
				GCC_DYNAMIC_NO_PIC = NO;
				GCC_NO_COMMON_BLOCKS = YES;
				GCC_OPTIMIZATION_LEVEL = 0;
				GCC_PREPROCESSOR_DEFINITIONS = (
					"DEBUG=1",
					"$(inherited)",
				);
				GCC_WARN_64_TO_32_BIT_CONVERSION = YES;
				GCC_WARN_ABOUT_RETURN_TYPE = YES_ERROR;
				GCC_WARN_UNDECLARED_SELECTOR = YES;
				GCC_WARN_UNINITIALIZED_AUTOS = YES_AGGRESSIVE;
				GCC_WARN_UNUSED_FUNCTION = YES;
				GCC_WARN_UNUSED_VARIABLE = YES;
				IPHONEOS_DEPLOYMENT_TARGET = 18.0;
				LOCALIZATION_PREFERS_STRING_CATALOGS = YES;
				MTL_ENABLE_DEBUG_INFO = INCLUDE_SOURCE;
				MTL_FAST_MATH = YES;
				ONLY_ACTIVE_ARCH = YES;
				SDKROOT = iphoneos;
				SWIFT_ACTIVE_COMPILATION_CONDITIONS = "DEBUG $(inherited)";
				SWIFT_OPTIMIZATION_LEVEL = "-Onone";
			};
			name = Debug;
		};
		84AD00842C5BA8190037D9A3 /* Release */ = {
			isa = XCBuildConfiguration;
			buildSettings = {
				ALWAYS_SEARCH_USER_PATHS = NO;
				ASSETCATALOG_COMPILER_GENERATE_SWIFT_ASSET_SYMBOL_EXTENSIONS = YES;
				CLANG_ANALYZER_NONNULL = YES;
				CLANG_ANALYZER_NUMBER_OBJECT_CONVERSION = YES_AGGRESSIVE;
				CLANG_CXX_LANGUAGE_STANDARD = "gnu++20";
				CLANG_ENABLE_MODULES = YES;
				CLANG_ENABLE_OBJC_ARC = YES;
				CLANG_ENABLE_OBJC_WEAK = YES;
				CLANG_WARN_BLOCK_CAPTURE_AUTORELEASING = YES;
				CLANG_WARN_BOOL_CONVERSION = YES;
				CLANG_WARN_COMMA = YES;
				CLANG_WARN_CONSTANT_CONVERSION = YES;
				CLANG_WARN_DEPRECATED_OBJC_IMPLEMENTATIONS = YES;
				CLANG_WARN_DIRECT_OBJC_ISA_USAGE = YES_ERROR;
				CLANG_WARN_DOCUMENTATION_COMMENTS = YES;
				CLANG_WARN_EMPTY_BODY = YES;
				CLANG_WARN_ENUM_CONVERSION = YES;
				CLANG_WARN_INFINITE_RECURSION = YES;
				CLANG_WARN_INT_CONVERSION = YES;
				CLANG_WARN_NON_LITERAL_NULL_CONVERSION = YES;
				CLANG_WARN_OBJC_IMPLICIT_RETAIN_SELF = YES;
				CLANG_WARN_OBJC_LITERAL_CONVERSION = YES;
				CLANG_WARN_OBJC_ROOT_CLASS = YES_ERROR;
				CLANG_WARN_QUOTED_INCLUDE_IN_FRAMEWORK_HEADER = YES;
				CLANG_WARN_RANGE_LOOP_ANALYSIS = YES;
				CLANG_WARN_STRICT_PROTOTYPES = YES;
				CLANG_WARN_SUSPICIOUS_MOVE = YES;
				CLANG_WARN_UNGUARDED_AVAILABILITY = YES_AGGRESSIVE;
				CLANG_WARN_UNREACHABLE_CODE = YES;
				CLANG_WARN__DUPLICATE_METHOD_MATCH = YES;
				COPY_PHASE_STRIP = NO;
				DEBUG_INFORMATION_FORMAT = "dwarf-with-dsym";
				ENABLE_NS_ASSERTIONS = NO;
				ENABLE_STRICT_OBJC_MSGSEND = YES;
				ENABLE_USER_SCRIPT_SANDBOXING = YES;
				GCC_C_LANGUAGE_STANDARD = gnu17;
				GCC_NO_COMMON_BLOCKS = YES;
				GCC_WARN_64_TO_32_BIT_CONVERSION = YES;
				GCC_WARN_ABOUT_RETURN_TYPE = YES_ERROR;
				GCC_WARN_UNDECLARED_SELECTOR = YES;
				GCC_WARN_UNINITIALIZED_AUTOS = YES_AGGRESSIVE;
				GCC_WARN_UNUSED_FUNCTION = YES;
				GCC_WARN_UNUSED_VARIABLE = YES;
				IPHONEOS_DEPLOYMENT_TARGET = 18.0;
				LOCALIZATION_PREFERS_STRING_CATALOGS = YES;
				MTL_ENABLE_DEBUG_INFO = NO;
				MTL_FAST_MATH = YES;
				SDKROOT = iphoneos;
				SWIFT_COMPILATION_MODE = wholemodule;
				VALIDATE_PRODUCT = YES;
			};
			name = Release;
		};
		84AD00862C5BA8190037D9A3 /* Debug */ = {
			isa = XCBuildConfiguration;
			buildSettings = {
				BUNDLE_LOADER = "$(TEST_HOST)";
				CODE_SIGN_STYLE = Automatic;
				CURRENT_PROJECT_VERSION = 1;
				GENERATE_INFOPLIST_FILE = YES;
				IPHONEOS_DEPLOYMENT_TARGET = 18.0;
				MARKETING_VERSION = 1.0;
				PRODUCT_BUNDLE_IDENTIFIER = "russell.co.MVP-ArchitectureTests";
				PRODUCT_NAME = "$(TARGET_NAME)";
				SWIFT_EMIT_LOC_STRINGS = NO;
				SWIFT_VERSION = 5.0;
				TARGETED_DEVICE_FAMILY = "1,2";
				TEST_HOST = "$(BUILT_PRODUCTS_DIR)/MVP-Architecture.app/$(BUNDLE_EXECUTABLE_FOLDER_PATH)/MVP-Architecture";
			};
			name = Debug;
		};
		84AD00872C5BA8190037D9A3 /* Release */ = {
			isa = XCBuildConfiguration;
			buildSettings = {
				BUNDLE_LOADER = "$(TEST_HOST)";
				CODE_SIGN_STYLE = Automatic;
				CURRENT_PROJECT_VERSION = 1;
				GENERATE_INFOPLIST_FILE = YES;
				IPHONEOS_DEPLOYMENT_TARGET = 18.0;
				MARKETING_VERSION = 1.0;
				PRODUCT_BUNDLE_IDENTIFIER = "russell.co.MVP-ArchitectureTests";
				PRODUCT_NAME = "$(TARGET_NAME)";
				SWIFT_EMIT_LOC_STRINGS = NO;
				SWIFT_VERSION = 5.0;
				TARGETED_DEVICE_FAMILY = "1,2";
				TEST_HOST = "$(BUILT_PRODUCTS_DIR)/MVP-Architecture.app/$(BUNDLE_EXECUTABLE_FOLDER_PATH)/MVP-Architecture";
			};
			name = Release;
		};
		84AD00892C5BA8190037D9A3 /* Debug */ = {
			isa = XCBuildConfiguration;
			buildSettings = {
				CODE_SIGN_STYLE = Automatic;
				CURRENT_PROJECT_VERSION = 1;
				GENERATE_INFOPLIST_FILE = YES;
				MARKETING_VERSION = 1.0;
				PRODUCT_BUNDLE_IDENTIFIER = "russell.co.MVP-ArchitectureUITests";
				PRODUCT_NAME = "$(TARGET_NAME)";
				SWIFT_EMIT_LOC_STRINGS = NO;
				SWIFT_VERSION = 5.0;
				TARGETED_DEVICE_FAMILY = "1,2";
				TEST_TARGET_NAME = "MVP-Architecture";
			};
			name = Debug;
		};
		84AD008A2C5BA8190037D9A3 /* Release */ = {
			isa = XCBuildConfiguration;
			buildSettings = {
				CODE_SIGN_STYLE = Automatic;
				CURRENT_PROJECT_VERSION = 1;
				GENERATE_INFOPLIST_FILE = YES;
				MARKETING_VERSION = 1.0;
				PRODUCT_BUNDLE_IDENTIFIER = "russell.co.MVP-ArchitectureUITests";
				PRODUCT_NAME = "$(TARGET_NAME)";
				SWIFT_EMIT_LOC_STRINGS = NO;
				SWIFT_VERSION = 5.0;
				TARGETED_DEVICE_FAMILY = "1,2";
				TEST_TARGET_NAME = "MVP-Architecture";
			};
			name = Release;
		};
/* End XCBuildConfiguration section */

/* Begin XCConfigurationList section */
		84AD00512C5BA8160037D9A3 /* Build configuration list for PBXProject "MVP-Architecture" */ = {
			isa = XCConfigurationList;
			buildConfigurations = (
				84AD00832C5BA8190037D9A3 /* Debug */,
				84AD00842C5BA8190037D9A3 /* Release */,
			);
			defaultConfigurationIsVisible = 0;
			defaultConfigurationName = Release;
		};
		84AD007F2C5BA8190037D9A3 /* Build configuration list for PBXNativeTarget "MVP-Architecture" */ = {
			isa = XCConfigurationList;
			buildConfigurations = (
				84AD00802C5BA8190037D9A3 /* Debug */,
				84AD00812C5BA8190037D9A3 /* Release */,
			);
			defaultConfigurationIsVisible = 0;
			defaultConfigurationName = Release;
		};
		84AD00852C5BA8190037D9A3 /* Build configuration list for PBXNativeTarget "MVP-ArchitectureTests" */ = {
			isa = XCConfigurationList;
			buildConfigurations = (
				84AD00862C5BA8190037D9A3 /* Debug */,
				84AD00872C5BA8190037D9A3 /* Release */,
			);
			defaultConfigurationIsVisible = 0;
			defaultConfigurationName = Release;
		};
		84AD00882C5BA8190037D9A3 /* Build configuration list for PBXNativeTarget "MVP-ArchitectureUITests" */ = {
			isa = XCConfigurationList;
			buildConfigurations = (
				84AD00892C5BA8190037D9A3 /* Debug */,
				84AD008A2C5BA8190037D9A3 /* Release */,
			);
			defaultConfigurationIsVisible = 0;
			defaultConfigurationName = Release;
		};
/* End XCConfigurationList section */

/* Begin XCRemoteSwiftPackageReference section */
		84AD009C2C5BA9420037D9A3 /* XCRemoteSwiftPackageReference "Kingfisher" */ = {
			isa = XCRemoteSwiftPackageReference;
			repositoryURL = "https://github.com/onevcat/Kingfisher";
			requirement = {
				kind = upToNextMajorVersion;
				minimumVersion = 7.12.0;
			};
		};
		84AD009F2C5BA9550037D9A3 /* XCRemoteSwiftPackageReference "SVProgressHUD" */ = {
			isa = XCRemoteSwiftPackageReference;
			repositoryURL = "https://github.com/SVProgressHUD/SVProgressHUD";
			requirement = {
				kind = upToNextMajorVersion;
				minimumVersion = 2.3.1;
			};
		};
/* End XCRemoteSwiftPackageReference section */

/* Begin XCSwiftPackageProductDependency section */
		84AD009D2C5BA9420037D9A3 /* Kingfisher */ = {
			isa = XCSwiftPackageProductDependency;
			package = 84AD009C2C5BA9420037D9A3 /* XCRemoteSwiftPackageReference "Kingfisher" */;
			productName = Kingfisher;
		};
		84AD00A02C5BA9550037D9A3 /* SVProgressHUD */ = {
			isa = XCSwiftPackageProductDependency;
			package = 84AD009F2C5BA9550037D9A3 /* XCRemoteSwiftPackageReference "SVProgressHUD" */;
			productName = SVProgressHUD;
		};
/* End XCSwiftPackageProductDependency section */

/* Begin XCVersionGroup section */
		84AD00D62C5BAC450037D9A3 /* PokemonDataModel.xcdatamodeld */ = {
			isa = XCVersionGroup;
			children = (
				84AD00D72C5BAC450037D9A3 /* PokemonDataModel.xcdatamodel */,
			);
			currentVersion = 84AD00D72C5BAC450037D9A3 /* PokemonDataModel.xcdatamodel */;
			path = PokemonDataModel.xcdatamodeld;
			sourceTree = "<group>";
			versionGroupType = wrapper.xcdatamodel;
		};
/* End XCVersionGroup section */
	};
	rootObject = 84AD004E2C5BA8160037D9A3 /* Project object */;
}
