// !$*UTF8*$!
{
	archiveVersion = 1;
	classes = {
	};
	objectVersion = 74;
	objects = {

/* Begin PBXContainerItemProxy section */
		84AD006D2C5BA8190037D9A3 /* PBXContainerItemProxy */ = {
			isa = PBXContainerItemProxy;
			containerPortal = 84AD004E2C5BA8160037D9A3 /* Project object */;
			proxyType = 1;
			remoteGlobalIDString = 84AD00552C5BA8160037D9A3;
			remoteInfo = "MVP-Architecture";
		};
		84AD00772C5BA8190037D9A3 /* PBXContainerItemProxy */ = {
			isa = PBXContainerItemProxy;
			containerPortal = 84AD004E2C5BA8160037D9A3 /* Project object */;
			proxyType = 1;
			remoteGlobalIDString = 84AD00552C5BA8160037D9A3;
			remoteInfo = "MVP-Architecture";
		};
/* End PBXContainerItemProxy section */

/* Begin PBXFileReference section */
		84AD00562C5BA8160037D9A3 /* MVP-Architecture.app */ = {isa = PBXFileReference; explicitFileType = wrapper.application; includeInIndex = 0; path = "MVP-Architecture.app"; sourceTree = BUILT_PRODUCTS_DIR; };
		84AD006C2C5BA8190037D9A3 /* MVP-ArchitectureTests.xctest */ = {isa = PBXFileReference; explicitFileType = wrapper.cfbundle; includeInIndex = 0; path = "MVP-ArchitectureTests.xctest"; sourceTree = BUILT_PRODUCTS_DIR; };
		84AD00762C5BA8190037D9A3 /* MVP-ArchitectureUITests.xctest */ = {isa = PBXFileReference; explicitFileType = wrapper.cfbundle; includeInIndex = 0; path = "MVP-ArchitectureUITests.xctest"; sourceTree = BUILT_PRODUCTS_DIR; };
/* End PBXFileReference section */

/* Begin PBXFileSystemSynchronizedBuildFileExceptionSet section */
		84AD007E2C5BA8190037D9A3 /* PBXFileSystemSynchronizedBuildFileExceptionSet */ = {
			isa = PBXFileSystemSynchronizedBuildFileExceptionSet;
			membershipExceptions = (
				/Localized/LaunchScreen.storyboard,
				/Localized/Main.storyboard,
				Info.plist,
			);
			target = 84AD00552C5BA8160037D9A3 /* MVP-Architecture */;
		};
/* End PBXFileSystemSynchronizedBuildFileExceptionSet section */

/* Begin PBXFileSystemSynchronizedGroupBuildPhaseMembershipExceptionSet section */
		84AD00822C5BA8190037D9A3 /* PBXFileSystemSynchronizedGroupBuildPhaseMembershipExceptionSet */ = {
			isa = PBXFileSystemSynchronizedGroupBuildPhaseMembershipExceptionSet;
			buildPhase = 84AD00542C5BA8160037D9A3 /* Resources */;
			membershipExceptions = (
				Base.lproj/LaunchScreen.storyboard,
				Base.lproj/Main.storyboard,
			);
		};
/* End PBXFileSystemSynchronizedGroupBuildPhaseMembershipExceptionSet section */

/* Begin PBXFileSystemSynchronizedRootGroup section */
		84AD00582C5BA8160037D9A3 /* MVP-Architecture */ = {isa = PBXFileSystemSynchronizedRootGroup; exceptions = (84AD007E2C5BA8190037D9A3 /* PBXFileSystemSynchronizedBuildFileExceptionSet */, 84AD00822C5BA8190037D9A3 /* PBXFileSystemSynchronizedGroupBuildPhaseMembershipExceptionSet */, ); explicitFileTypes = {}; explicitFolders = (); path = "MVP-Architecture"; sourceTree = "<group>"; };
		84AD006F2C5BA8190037D9A3 /* MVP-ArchitectureTests */ = {isa = PBXFileSystemSynchronizedRootGroup; explicitFileTypes = {}; explicitFolders = (); path = "MVP-ArchitectureTests"; sourceTree = "<group>"; };
		84AD00792C5BA8190037D9A3 /* MVP-ArchitectureUITests */ = {isa = PBXFileSystemSynchronizedRootGroup; explicitFileTypes = {}; explicitFolders = (); path = "MVP-ArchitectureUITests"; sourceTree = "<group>"; };
/* End PBXFileSystemSynchronizedRootGroup section */

/* Begin PBXFrameworksBuildPhase section */
		84AD00532C5BA8160037D9A3 /* Frameworks */ = {
			isa = PBXFrameworksBuildPhase;
			buildActionMask = 2147483647;
			files = (
			);
			runOnlyForDeploymentPostprocessing = 0;
		};
		84AD00692C5BA8190037D9A3 /* Frameworks */ = {
			isa = PBXFrameworksBuildPhase;
			buildActionMask = 2147483647;
			files = (
			);
			runOnlyForDeploymentPostprocessing = 0;
		};
		84AD00732C5BA8190037D9A3 /* Frameworks */ = {
			isa = PBXFrameworksBuildPhase;
			buildActionMask = 2147483647;
			files = (
			);
			runOnlyForDeploymentPostprocessing = 0;
		};
/* End PBXFrameworksBuildPhase section */

/* Begin PBXGroup section */
		84AD004D2C5BA8160037D9A3 = {
			isa = PBXGroup;
			children = (
				84AD00582C5BA8160037D9A3 /* MVP-Architecture */,
				84AD006F2C5BA8190037D9A3 /* MVP-ArchitectureTests */,
				84AD00792C5BA8190037D9A3 /* MVP-ArchitectureUITests */,
				84AD00572C5BA8160037D9A3 /* Products */,
			);
			sourceTree = "<group>";
		};
		84AD00572C5BA8160037D9A3 /* Products */ = {
			isa = PBXGroup;
			children = (
				84AD00562C5BA8160037D9A3 /* MVP-Architecture.app */,
				84AD006C2C5BA8190037D9A3 /* MVP-ArchitectureTests.xctest */,
				84AD00762C5BA8190037D9A3 /* MVP-ArchitectureUITests.xctest */,
			);
			name = Products;
			sourceTree = "<group>";
		};
/* End PBXGroup section */

/* Begin PBXNativeTarget section */
		84AD00552C5BA8160037D9A3 /* MVP-Architecture */ = {
			isa = PBXNativeTarget;
			buildConfigurationList = 84AD007F2C5BA8190037D9A3 /* Build configuration list for PBXNativeTarget "MVP-Architecture" */;
			buildPhases = (
				84AD00522C5BA8160037D9A3 /* Sources */,
				84AD00532C5BA8160037D9A3 /* Frameworks */,
				84AD00542C5BA8160037D9A3 /* Resources */,
			);
			buildRules = (
			);
			dependencies = (
			);
			fileSystemSynchronizedGroups = (
				84AD00582C5BA8160037D9A3 /* MVP-Architecture */,
			);
			name = "MVP-Architecture";
			packageProductDependencies = (
			);
			productName = "MVP-Architecture";
			productReference = 84AD00562C5BA8160037D9A3 /* MVP-Architecture.app */;
			productType = "com.apple.product-type.application";
		};
		84AD006B2C5BA8190037D9A3 /* MVP-ArchitectureTests */ = {
			isa = PBXNativeTarget;
			buildConfigurationList = 84AD00852C5BA8190037D9A3 /* Build configuration list for PBXNativeTarget "MVP-ArchitectureTests" */;
			buildPhases = (
				84AD00682C5BA8190037D9A3 /* Sources */,
				84AD00692C5BA8190037D9A3 /* Frameworks */,
				84AD006A2C5BA8190037D9A3 /* Resources */,
			);
			buildRules = (
			);
			dependencies = (
				84AD006E2C5BA8190037D9A3 /* PBXTargetDependency */,
			);
			fileSystemSynchronizedGroups = (
				84AD006F2C5BA8190037D9A3 /* MVP-ArchitectureTests */,
			);
			name = "MVP-ArchitectureTests";
			packageProductDependencies = (
			);
			productName = "MVP-ArchitectureTests";
			productReference = 84AD006C2C5BA8190037D9A3 /* MVP-ArchitectureTests.xctest */;
			productType = "com.apple.product-type.bundle.unit-test";
		};
		84AD00752C5BA8190037D9A3 /* MVP-ArchitectureUITests */ = {
			isa = PBXNativeTarget;
			buildConfigurationList = 84AD00882C5BA8190037D9A3 /* Build configuration list for PBXNativeTarget "MVP-ArchitectureUITests" */;
			buildPhases = (
				84AD00722C5BA8190037D9A3 /* Sources */,
				84AD00732C5BA8190037D9A3 /* Frameworks */,
				84AD00742C5BA8190037D9A3 /* Resources */,
			);
			buildRules = (
			);
			dependencies = (
				84AD00782C5BA8190037D9A3 /* PBXTargetDependency */,
			);
			fileSystemSynchronizedGroups = (
				84AD00792C5BA8190037D9A3 /* MVP-ArchitectureUITests */,
			);
			name = "MVP-ArchitectureUITests";
			packageProductDependencies = (
			);
			productName = "MVP-ArchitectureUITests";
			productReference = 84AD00762C5BA8190037D9A3 /* MVP-ArchitectureUITests.xctest */;
			productType = "com.apple.product-type.bundle.ui-testing";
		};
/* End PBXNativeTarget section */

/* Begin PBXProject section */
		84AD004E2C5BA8160037D9A3 /* Project object */ = {
			isa = PBXProject;
			attributes = {
				BuildIndependentTargetsInParallel = 1;
				LastSwiftUpdateCheck = 1600;
				LastUpgradeCheck = 1600;
				TargetAttributes = {
					84AD00552C5BA8160037D9A3 = {
						CreatedOnToolsVersion = 16.0;
					};
					84AD006B2C5BA8190037D9A3 = {
						CreatedOnToolsVersion = 16.0;
						TestTargetID = 84AD00552C5BA8160037D9A3;
					};
					84AD00752C5BA8190037D9A3 = {
						CreatedOnToolsVersion = 16.0;
						TestTargetID = 84AD00552C5BA8160037D9A3;
					};
				};
			};
			buildConfigurationList = 84AD00512C5BA8160037D9A3 /* Build configuration list for PBXProject "MVP-Architecture" */;
			developmentRegion = en;
			hasScannedForEncodings = 0;
			knownRegions = (
				en,
				Base,
			);
			mainGroup = 84AD004D2C5BA8160037D9A3;
			preferredProjectObjectVersion = 60;
			productRefGroup = 84AD00572C5BA8160037D9A3 /* Products */;
			projectDirPath = "";
			projectRoot = "";
			targets = (
				84AD00552C5BA8160037D9A3 /* MVP-Architecture */,
				84AD006B2C5BA8190037D9A3 /* MVP-ArchitectureTests */,
				84AD00752C5BA8190037D9A3 /* MVP-ArchitectureUITests */,
			);
		};
/* End PBXProject section */

/* Begin PBXResourcesBuildPhase section */
		84AD00542C5BA8160037D9A3 /* Resources */ = {
			isa = PBXResourcesBuildPhase;
			buildActionMask = 2147483647;
			files = (
			);
			runOnlyForDeploymentPostprocessing = 0;
		};
		84AD006A2C5BA8190037D9A3 /* Resources */ = {
			isa = PBXResourcesBuildPhase;
			buildActionMask = 2147483647;
			files = (
			);
			runOnlyForDeploymentPostprocessing = 0;
		};
		84AD00742C5BA8190037D9A3 /* Resources */ = {
			isa = PBXResourcesBuildPhase;
			buildActionMask = 2147483647;
			files = (
			);
			runOnlyForDeploymentPostprocessing = 0;
		};
/* End PBXResourcesBuildPhase section */

/* Begin PBXSourcesBuildPhase section */
		84AD00522C5BA8160037D9A3 /* Sources */ = {
			isa = PBXSourcesBuildPhase;
			buildActionMask = 2147483647;
			files = (
			);
			runOnlyForDeploymentPostprocessing = 0;
		};
		84AD00682C5BA8190037D9A3 /* Sources */ = {
			isa = PBXSourcesBuildPhase;
			buildActionMask = 2147483647;
			files = (
			);
			runOnlyForDeploymentPostprocessing = 0;
		};
		84AD00722C5BA8190037D9A3 /* Sources */ = {
			isa = PBXSourcesBuildPhase;
			buildActionMask = 2147483647;
			files = (
			);
			runOnlyForDeploymentPostprocessing = 0;
		};
/* End PBXSourcesBuildPhase section */

/* Begin PBXTargetDependency section */
		84AD006E2C5BA8190037D9A3 /* PBXTargetDependency */ = {
			isa = PBXTargetDependency;
			target = 84AD00552C5BA8160037D9A3 /* MVP-Architecture */;
			targetProxy = 84AD006D2C5BA8190037D9A3 /* PBXContainerItemProxy */;
		};
		84AD00782C5BA8190037D9A3 /* PBXTargetDependency */ = {
			isa = PBXTargetDependency;
			target = 84AD00552C5BA8160037D9A3 /* MVP-Architecture */;
			targetProxy = 84AD00772C5BA8190037D9A3 /* PBXContainerItemProxy */;
		};
/* End PBXTargetDependency section */

/* Begin XCBuildConfiguration section */
		84AD00802C5BA8190037D9A3 /* Debug */ = {
			isa = XCBuildConfiguration;
			buildSettings = {
				ASSETCATALOG_COMPILER_APPICON_NAME = AppIcon;
				ASSETCATALOG_COMPILER_GLOBAL_ACCENT_COLOR_NAME = AccentColor;
				CODE_SIGN_STYLE = Automatic;
				CURRENT_PROJECT_VERSION = 1;
				GENERATE_INFOPLIST_FILE = YES;
				INFOPLIST_FILE = "MVP-Architecture/Info.plist";
				INFOPLIST_KEY_UIApplicationSupportsIndirectInputEvents = YES;
				INFOPLIST_KEY_UILaunchStoryboardName = LaunchScreen;
				INFOPLIST_KEY_UIMainStoryboardFile = Main;
				INFOPLIST_KEY_UISupportedInterfaceOrientations_iPad = "UIInterfaceOrientationPortrait UIInterfaceOrientationPortraitUpsideDown UIInterfaceOrientationLandscapeLeft UIInterfaceOrientationLandscapeRight";
				INFOPLIST_KEY_UISupportedInterfaceOrientations_iPhone = "UIInterfaceOrientationPortrait UIInterfaceOrientationLandscapeLeft UIInterfaceOrientationLandscapeRight";
				IPHONEOS_DEPLOYMENT_TARGET = 18.0;
				LD_RUNPATH_SEARCH_PATHS = (
					"$(inherited)",
					"@executable_path/Frameworks",
				);
				MARKETING_VERSION = 1.0;
				PRODUCT_BUNDLE_IDENTIFIER = "russell.co.MVP-Architecture";
				PRODUCT_NAME = "$(TARGET_NAME)";
				SWIFT_EMIT_LOC_STRINGS = YES;
				SWIFT_VERSION = 5.0;
				TARGETED_DEVICE_FAMILY = "1,2";
			};
			name = Debug;
		};
		84AD00812C5BA8190037D9A3 /* Release */ = {
			isa = XCBuildConfiguration;
			buildSettings = {
				ASSETCATALOG_COMPILER_APPICON_NAME = AppIcon;
				ASSETCATALOG_COMPILER_GLOBAL_ACCENT_COLOR_NAME = AccentColor;
				CODE_SIGN_STYLE = Automatic;
				CURRENT_PROJECT_VERSION = 1;
				GENERATE_INFOPLIST_FILE = YES;
				INFOPLIST_FILE = "MVP-Architecture/Info.plist";
				INFOPLIST_KEY_UIApplicationSupportsIndirectInputEvents = YES;
				INFOPLIST_KEY_UILaunchStoryboardName = LaunchScreen;
				INFOPLIST_KEY_UIMainStoryboardFile = Main;
				INFOPLIST_KEY_UISupportedInterfaceOrientations_iPad = "UIInterfaceOrientationPortrait UIInterfaceOrientationPortraitUpsideDown UIInterfaceOrientationLandscapeLeft UIInterfaceOrientationLandscapeRight";
				INFOPLIST_KEY_UISupportedInterfaceOrientations_iPhone = "UIInterfaceOrientationPortrait UIInterfaceOrientationLandscapeLeft UIInterfaceOrientationLandscapeRight";
				IPHONEOS_DEPLOYMENT_TARGET = 18.0;
				LD_RUNPATH_SEARCH_PATHS = (
					"$(inherited)",
					"@executable_path/Frameworks",
				);
				MARKETING_VERSION = 1.0;
				PRODUCT_BUNDLE_IDENTIFIER = "russell.co.MVP-Architecture";
				PRODUCT_NAME = "$(TARGET_NAME)";
				SWIFT_EMIT_LOC_STRINGS = YES;
				SWIFT_VERSION = 5.0;
				TARGETED_DEVICE_FAMILY = "1,2";
			};
			name = Release;
		};
		84AD00832C5BA8190037D9A3 /* Debug */ = {
			isa = XCBuildConfiguration;
			buildSettings = {
				ALWAYS_SEARCH_USER_PATHS = NO;
				ASSETCATALOG_COMPILER_GENERATE_SWIFT_ASSET_SYMBOL_EXTENSIONS = YES;
				CLANG_ANALYZER_NONNULL = YES;
				CLANG_ANALYZER_NUMBER_OBJECT_CONVERSION = YES_AGGRESSIVE;
				CLANG_CXX_LANGUAGE_STANDARD = "gnu++20";
				CLANG_ENABLE_MODULES = YES;
				CLANG_ENABLE_OBJC_ARC = YES;
				CLANG_ENABLE_OBJC_WEAK = YES;
				CLANG_WARN_BLOCK_CAPTURE_AUTORELEASING = YES;
				CLANG_WARN_BOOL_CONVERSION = YES;
				CLANG_WARN_COMMA = YES;
				CLANG_WARN_CONSTANT_CONVERSION = YES;
				CLANG_WARN_DEPRECATED_OBJC_IMPLEMENTATIONS = YES;
				CLANG_WARN_DIRECT_OBJC_ISA_USAGE = YES_ERROR;
				CLANG_WARN_DOCUMENTATION_COMMENTS = YES;
				CLANG_WARN_EMPTY_BODY = YES;
				CLANG_WARN_ENUM_CONVERSION = YES;
				CLANG_WARN_INFINITE_RECURSION = YES;
				CLANG_WARN_INT_CONVERSION = YES;
				CLANG_WARN_NON_LITERAL_NULL_CONVERSION = YES;
				CLANG_WARN_OBJC_IMPLICIT_RETAIN_SELF = YES;
				CLANG_WARN_OBJC_LITERAL_CONVERSION = YES;
				CLANG_WARN_OBJC_ROOT_CLASS = YES_ERROR;
				CLANG_WARN_QUOTED_INCLUDE_IN_FRAMEWORK_HEADER = YES;
				CLANG_WARN_RANGE_LOOP_ANALYSIS = YES;
				CLANG_WARN_STRICT_PROTOTYPES = YES;
				CLANG_WARN_SUSPICIOUS_MOVE = YES;
				CLANG_WARN_UNGUARDED_AVAILABILITY = YES_AGGRESSIVE;
				CLANG_WARN_UNREACHABLE_CODE = YES;
				CLANG_WARN__DUPLICATE_METHOD_MATCH = YES;
				COPY_PHASE_STRIP = NO;
				DEBUG_INFORMATION_FORMAT = dwarf;
				ENABLE_STRICT_OBJC_MSGSEND = YES;
				ENABLE_TESTABILITY = YES;
				ENABLE_USER_SCRIPT_SANDBOXING = YES;
				GCC_C_LANGUAGE_STANDARD = gnu17;
				GCC_DYNAMIC_NO_PIC = NO;
				GCC_NO_COMMON_BLOCKS = YES;
				GCC_OPTIMIZATION_LEVEL = 0;
				GCC_PREPROCESSOR_DEFINITIONS = (
					"DEBUG=1",
					"$(inherited)",
				);
				GCC_WARN_64_TO_32_BIT_CONVERSION = YES;
				GCC_WARN_ABOUT_RETURN_TYPE = YES_ERROR;
				GCC_WARN_UNDECLARED_SELECTOR = YES;
				GCC_WARN_UNINITIALIZED_AUTOS = YES_AGGRESSIVE;
				GCC_WARN_UNUSED_FUNCTION = YES;
				GCC_WARN_UNUSED_VARIABLE = YES;
				IPHONEOS_DEPLOYMENT_TARGET = 18.0;
				LOCALIZATION_PREFERS_STRING_CATALOGS = YES;
				MTL_ENABLE_DEBUG_INFO = INCLUDE_SOURCE;
				MTL_FAST_MATH = YES;
				ONLY_ACTIVE_ARCH = YES;
				SDKROOT = iphoneos;
				SWIFT_ACTIVE_COMPILATION_CONDITIONS = "DEBUG $(inherited)";
				SWIFT_OPTIMIZATION_LEVEL = "-Onone";
			};
			name = Debug;
		};
		84AD00842C5BA8190037D9A3 /* Release */ = {
			isa = XCBuildConfiguration;
			buildSettings = {
				ALWAYS_SEARCH_USER_PATHS = NO;
				ASSETCATALOG_COMPILER_GENERATE_SWIFT_ASSET_SYMBOL_EXTENSIONS = YES;
				CLANG_ANALYZER_NONNULL = YES;
				CLANG_ANALYZER_NUMBER_OBJECT_CONVERSION = YES_AGGRESSIVE;
				CLANG_CXX_LANGUAGE_STANDARD = "gnu++20";
				CLANG_ENABLE_MODULES = YES;
				CLANG_ENABLE_OBJC_ARC = YES;
				CLANG_ENABLE_OBJC_WEAK = YES;
				CLANG_WARN_BLOCK_CAPTURE_AUTORELEASING = YES;
				CLANG_WARN_BOOL_CONVERSION = YES;
				CLANG_WARN_COMMA = YES;
				CLANG_WARN_CONSTANT_CONVERSION = YES;
				CLANG_WARN_DEPRECATED_OBJC_IMPLEMENTATIONS = YES;
				CLANG_WARN_DIRECT_OBJC_ISA_USAGE = YES_ERROR;
				CLANG_WARN_DOCUMENTATION_COMMENTS = YES;
				CLANG_WARN_EMPTY_BODY = YES;
				CLANG_WARN_ENUM_CONVERSION = YES;
				CLANG_WARN_INFINITE_RECURSION = YES;
				CLANG_WARN_INT_CONVERSION = YES;
				CLANG_WARN_NON_LITERAL_NULL_CONVERSION = YES;
				CLANG_WARN_OBJC_IMPLICIT_RETAIN_SELF = YES;
				CLANG_WARN_OBJC_LITERAL_CONVERSION = YES;
				CLANG_WARN_OBJC_ROOT_CLASS = YES_ERROR;
				CLANG_WARN_QUOTED_INCLUDE_IN_FRAMEWORK_HEADER = YES;
				CLANG_WARN_RANGE_LOOP_ANALYSIS = YES;
				CLANG_WARN_STRICT_PROTOTYPES = YES;
				CLANG_WARN_SUSPICIOUS_MOVE = YES;
				CLANG_WARN_UNGUARDED_AVAILABILITY = YES_AGGRESSIVE;
				CLANG_WARN_UNREACHABLE_CODE = YES;
				CLANG_WARN__DUPLICATE_METHOD_MATCH = YES;
				COPY_PHASE_STRIP = NO;
				DEBUG_INFORMATION_FORMAT = "dwarf-with-dsym";
				ENABLE_NS_ASSERTIONS = NO;
				ENABLE_STRICT_OBJC_MSGSEND = YES;
				ENABLE_USER_SCRIPT_SANDBOXING = YES;
				GCC_C_LANGUAGE_STANDARD = gnu17;
				GCC_NO_COMMON_BLOCKS = YES;
				GCC_WARN_64_TO_32_BIT_CONVERSION = YES;
				GCC_WARN_ABOUT_RETURN_TYPE = YES_ERROR;
				GCC_WARN_UNDECLARED_SELECTOR = YES;
				GCC_WARN_UNINITIALIZED_AUTOS = YES_AGGRESSIVE;
				GCC_WARN_UNUSED_FUNCTION = YES;
				GCC_WARN_UNUSED_VARIABLE = YES;
				IPHONEOS_DEPLOYMENT_TARGET = 18.0;
				LOCALIZATION_PREFERS_STRING_CATALOGS = YES;
				MTL_ENABLE_DEBUG_INFO = NO;
				MTL_FAST_MATH = YES;
				SDKROOT = iphoneos;
				SWIFT_COMPILATION_MODE = wholemodule;
				VALIDATE_PRODUCT = YES;
			};
			name = Release;
		};
		84AD00862C5BA8190037D9A3 /* Debug */ = {
			isa = XCBuildConfiguration;
			buildSettings = {
				BUNDLE_LOADER = "$(TEST_HOST)";
				CODE_SIGN_STYLE = Automatic;
				CURRENT_PROJECT_VERSION = 1;
				GENERATE_INFOPLIST_FILE = YES;
				IPHONEOS_DEPLOYMENT_TARGET = 18.0;
				MARKETING_VERSION = 1.0;
				PRODUCT_BUNDLE_IDENTIFIER = "russell.co.MVP-ArchitectureTests";
				PRODUCT_NAME = "$(TARGET_NAME)";
				SWIFT_EMIT_LOC_STRINGS = NO;
				SWIFT_VERSION = 5.0;
				TARGETED_DEVICE_FAMILY = "1,2";
				TEST_HOST = "$(BUILT_PRODUCTS_DIR)/MVP-Architecture.app/$(BUNDLE_EXECUTABLE_FOLDER_PATH)/MVP-Architecture";
			};
			name = Debug;
		};
		84AD00872C5BA8190037D9A3 /* Release */ = {
			isa = XCBuildConfiguration;
			buildSettings = {
				BUNDLE_LOADER = "$(TEST_HOST)";
				CODE_SIGN_STYLE = Automatic;
				CURRENT_PROJECT_VERSION = 1;
				GENERATE_INFOPLIST_FILE = YES;
				IPHONEOS_DEPLOYMENT_TARGET = 18.0;
				MARKETING_VERSION = 1.0;
				PRODUCT_BUNDLE_IDENTIFIER = "russell.co.MVP-ArchitectureTests";
				PRODUCT_NAME = "$(TARGET_NAME)";
				SWIFT_EMIT_LOC_STRINGS = NO;
				SWIFT_VERSION = 5.0;
				TARGETED_DEVICE_FAMILY = "1,2";
				TEST_HOST = "$(BUILT_PRODUCTS_DIR)/MVP-Architecture.app/$(BUNDLE_EXECUTABLE_FOLDER_PATH)/MVP-Architecture";
			};
			name = Release;
		};
		84AD00892C5BA8190037D9A3 /* Debug */ = {
			isa = XCBuildConfiguration;
			buildSettings = {
				CODE_SIGN_STYLE = Automatic;
				CURRENT_PROJECT_VERSION = 1;
				GENERATE_INFOPLIST_FILE = YES;
				MARKETING_VERSION = 1.0;
				PRODUCT_BUNDLE_IDENTIFIER = "russell.co.MVP-ArchitectureUITests";
				PRODUCT_NAME = "$(TARGET_NAME)";
				SWIFT_EMIT_LOC_STRINGS = NO;
				SWIFT_VERSION = 5.0;
				TARGETED_DEVICE_FAMILY = "1,2";
				TEST_TARGET_NAME = "MVP-Architecture";
			};
			name = Debug;
		};
		84AD008A2C5BA8190037D9A3 /* Release */ = {
			isa = XCBuildConfiguration;
			buildSettings = {
				CODE_SIGN_STYLE = Automatic;
				CURRENT_PROJECT_VERSION = 1;
				GENERATE_INFOPLIST_FILE = YES;
				MARKETING_VERSION = 1.0;
				PRODUCT_BUNDLE_IDENTIFIER = "russell.co.MVP-ArchitectureUITests";
				PRODUCT_NAME = "$(TARGET_NAME)";
				SWIFT_EMIT_LOC_STRINGS = NO;
				SWIFT_VERSION = 5.0;
				TARGETED_DEVICE_FAMILY = "1,2";
				TEST_TARGET_NAME = "MVP-Architecture";
			};
			name = Release;
		};
/* End XCBuildConfiguration section */

/* Begin XCConfigurationList section */
		84AD00512C5BA8160037D9A3 /* Build configuration list for PBXProject "MVP-Architecture" */ = {
			isa = XCConfigurationList;
			buildConfigurations = (
				84AD00832C5BA8190037D9A3 /* Debug */,
				84AD00842C5BA8190037D9A3 /* Release */,
			);
			defaultConfigurationIsVisible = 0;
			defaultConfigurationName = Release;
		};
		84AD007F2C5BA8190037D9A3 /* Build configuration list for PBXNativeTarget "MVP-Architecture" */ = {
			isa = XCConfigurationList;
			buildConfigurations = (
				84AD00802C5BA8190037D9A3 /* Debug */,
				84AD00812C5BA8190037D9A3 /* Release */,
			);
			defaultConfigurationIsVisible = 0;
			defaultConfigurationName = Release;
		};
		84AD00852C5BA8190037D9A3 /* Build configuration list for PBXNativeTarget "MVP-ArchitectureTests" */ = {
			isa = XCConfigurationList;
			buildConfigurations = (
				84AD00862C5BA8190037D9A3 /* Debug */,
				84AD00872C5BA8190037D9A3 /* Release */,
			);
			defaultConfigurationIsVisible = 0;
			defaultConfigurationName = Release;
		};
		84AD00882C5BA8190037D9A3 /* Build configuration list for PBXNativeTarget "MVP-ArchitectureUITests" */ = {
			isa = XCConfigurationList;
			buildConfigurations = (
				84AD00892C5BA8190037D9A3 /* Debug */,
				84AD008A2C5BA8190037D9A3 /* Release */,
			);
			defaultConfigurationIsVisible = 0;
			defaultConfigurationName = Release;
		};
/* End XCConfigurationList section */
	};
	rootObject = 84AD004E2C5BA8160037D9A3 /* Project object */;
}
